
Microsoft Visual Studio Solution File, Format Version 12.00
# Visual Studio Version 16
VisualStudioVersion = 16.0.31019.35
MinimumVisualStudioVersion = 10.0.40219.1
Project("{9A19103F-16F7-4668-BE54-9A1E7A4F7556}") = "AppVotacao", "AppVotacao.csproj", "{50A8010E-9BD5-407D-ACA3-D7EEA2B1A3EB}"
EndProject
Project("{FAE04EC0-301F-11D3-BF4B-00C04F79EFBC}") = "AppVotacaoTest", "..\AppVotacaoTest\AppVotacaoTest.csproj", "{DF96729D-D02D-46CB-B7E4-5C0C2BF868BB}"
EndProject
Global
	GlobalSection(SolutionConfigurationPlatforms) = preSolution
		Debug|Any CPU = Debug|Any CPU
		Release|Any CPU = Release|Any CPU
	EndGlobalSection
	GlobalSection(ProjectConfigurationPlatforms) = postSolution
		{50A8010E-9BD5-407D-ACA3-D7EEA2B1A3EB}.Debug|Any CPU.ActiveCfg = Debug|Any CPU
		{50A8010E-9BD5-407D-ACA3-D7EEA2B1A3EB}.Debug|Any CPU.Build.0 = Debug|Any CPU
		{50A8010E-9BD5-407D-ACA3-D7EEA2B1A3EB}.Release|Any CPU.ActiveCfg = Release|Any CPU
		{50A8010E-9BD5-407D-ACA3-D7EEA2B1A3EB}.Release|Any CPU.Build.0 = Release|Any CPU
		{DF96729D-D02D-46CB-B7E4-5C0C2BF868BB}.Debug|Any CPU.ActiveCfg = Debug|Any CPU
		{DF96729D-D02D-46CB-B7E4-5C0C2BF868BB}.Debug|Any CPU.Build.0 = Debug|Any CPU
		{DF96729D-D02D-46CB-B7E4-5C0C2BF868BB}.Release|Any CPU.ActiveCfg = Release|Any CPU
		{DF96729D-D02D-46CB-B7E4-5C0C2BF868BB}.Release|Any CPU.Build.0 = Release|Any CPU
	EndGlobalSection
	GlobalSection(SolutionProperties) = preSolution
		HideSolutionNode = FALSE
	EndGlobalSection
	GlobalSection(ExtensibilityGlobals) = postSolution
		SolutionGuid = {45306424-AA69-47AC-A501-25AEE123615D}
	EndGlobalSection
EndGlobal
